schema: '2.0'
stages:
  get_mitre_data:
    cmd: python src/get_mitre_data.py params.yaml
    deps:
    - path: data/external/enterprise-attack.json
      hash: md5
      md5: 694ad1fddfe7a00959c195c36dc6d53e
      size: 43474692
    - path: src/get_mitre_data.py
      hash: md5
      md5: c2f8273008f5e43ead01ba8e0eb2521b
      size: 5520
    params:
      params.yaml:
        get_data.divide_paras: true
    outs:
    - path: data/interim/label2tactic.json
      hash: md5
      md5: 5189286c02d7aa1ba4b5542d14a5f4aa
      size: 24536
    - path: data/interim/mitre.csv
      hash: md5
      md5: 398b9cbb6b230f3daf3ae43e3f7a97f9
      size: 8114977
    - path: data/interim/mitre_attack.csv
      hash: md5
      md5: 69b8f4a7342a990bf815549c6ef9ef29
      size: 3206558
  get_add_data:
    cmd: python src/get_add_data.py params.yaml
    deps:
    - path: data/external/dataset.txt
      hash: md5
      md5: 8ced30b0a5777f7650930d4c542e0c92
      size: 1847828
    - path: data/external/multi_label.json
      hash: md5
      md5: e144bdea2eeef5f35758704590c1f937
      size: 5882360
    - path: data/external/rep_dn
      hash: md5
      md5: d751713988987e9331980363e24189ce.dir
      size: 0
      nfiles: 0
    - path: data/interim/label2tactic.json
      hash: md5
      md5: 5189286c02d7aa1ba4b5542d14a5f4aa
      size: 24536
    - path: data/interim/mitre.csv
      hash: md5
      md5: 398b9cbb6b230f3daf3ae43e3f7a97f9
      size: 8114977
    - path: data/interim/mitre_attack.csv
      hash: md5
      md5: 69b8f4a7342a990bf815549c6ef9ef29
      size: 3206558
    - path: src/get_add_data.py
      hash: md5
      md5: 7017df0cff72de5346836b222d2ffa39
      size: 2236
    params:
      params.yaml:
        get_data.add_empty_reports: false
        get_data.data_fn: data/interim/mitre_full_df.csv
        get_data.target: tactic
        get_data.use_alt_mitre: false
        get_data.use_reports_f: false
        get_data.use_tram_f: true
    outs:
    - path: data/interim/mitre_full_df.csv
      hash: md5
      md5: 7d8100a42a21f0237f596c3022480f69
      size: 6967580
  manual_data_filter:
    cmd: python src/manual_data_filter.py params.yaml
    deps:
    - path: data/interim/mitre_full_df.csv
      hash: md5
      md5: 7d8100a42a21f0237f596c3022480f69
      size: 6967580
    - path: src/manual_data_filter.py
      hash: md5
      md5: da91c10e74fecef2c77f97ac086ebd36
      size: 935
    outs:
    - path: data/interim/mitre_full_filt_df.csv
      hash: md5
      md5: d9b1d042373037a97fcfb19a2ee0183c
      size: 6971570
  text_preprocess:
    cmd: python src/prep.py params.yaml
    deps:
    - path: data/interim/mitre_full_filt_df.csv
      hash: md5
      md5: d9b1d042373037a97fcfb19a2ee0183c
      size: 6971570
    - path: src/prep.py
      hash: md5
      md5: 7f1e21de0d703b9273ee723d60049f6f
      size: 1621
    params:
      params.yaml:
        prep_text.labelled_text_only: false
        prep_text.lower: false
        prep_text.max_len_token: 10
        prep_text.min_len_token: 3
        prep_text.save_only_words: false
        prep_text.stem_lemm: stem
        prep_text.stop_words: false
    outs:
    - path: data/interim/mlb.pkl
      hash: md5
      md5: 59aa9a82e455e7fed9a95b929105bcb9
      size: 1386
    - path: data/interim/prep_df.csv
      hash: md5
      md5: cb3602e116b15b4a2a906ffaed15e2ca
      size: 10183913
  feature_generation:
    cmd: python src/feat_gen.py params.yaml
    deps:
    - path: data/interim/mlb.pkl
      hash: md5
      md5: 59aa9a82e455e7fed9a95b929105bcb9
      size: 1386
    - path: data/interim/prep_df.csv
      hash: md5
      md5: cb3602e116b15b4a2a906ffaed15e2ca
      size: 10183913
    - path: src/feat_gen.py
      hash: md5
      md5: 95889d9afb1ff7519d592cd5f28c7b86
      size: 7489
    params:
      params.yaml:
        feat_gen.add_individual_thresh: 0.8
        feat_gen.binary: false
        feat_gen.feat_strategy: count
        feat_gen.logreg_c: 0.01
        feat_gen.max_df: 0.3
        feat_gen.max_features:
        feat_gen.min_df: 10
        feat_gen.tree_maxdepth: 2
        seed: 0
        val_only_proc: false
        val_ts_size: 0.15
    outs:
    - path: data/interim/data_df.csv
      hash: md5
      md5: 93a98762a3f22cc068dd9e6c8807675c
      size: 12014929
    - path: data/interim/feat_df.csv
      hash: md5
      md5: 7ebc49b0df1189de324d2c7a5fa5fad5
      size: 14822497
    - path: data/interim/vec.pkl
      hash: md5
      md5: 4c70578d248513bc53747d4506c03a44
      size: 128051
  feature_engineering:
    cmd: python src/feat_eng.py params.yaml
    deps:
    - path: data/interim/data_df.csv
      hash: md5
      md5: 93a98762a3f22cc068dd9e6c8807675c
      size: 12014929
    - path: data/interim/feat_df.csv
      hash: md5
      md5: 7ebc49b0df1189de324d2c7a5fa5fad5
      size: 14822497
    - path: data/interim/vec.pkl
      hash: md5
      md5: 4c70578d248513bc53747d4506c03a44
      size: 128051
    - path: src/feat_eng.py
      hash: md5
      md5: 6bf5a78bb2986f7b63c8a675039ba883
      size: 3445
    params:
      params.yaml:
        feat_eng.add_clust_feat: false
        feat_eng.add_ind_cols: true
        feat_eng.add_topic_feat:
        feat_eng.tfidf_dim:
        feat_eng.topic_algo: lsa
        seed: 0
    outs:
    - path: data/out/feat_final_df.csv
      hash: md5
      md5: f3812d257d10130c58a4a9c6487ac20a
      size: 14962655
  train_eval_model:
    cmd: python src/train_eval_model.py params.yaml
    deps:
    - path: data/out/feat_final_df.csv
      hash: md5
      md5: 2b916294d5fa95891d80918e12daffe8
      size: 15032741
    - path: src/train_eval_model.py
      hash: md5
      md5: cec5dd122780893310926494a8d8fbd6
      size: 11999
    params:
      params.yaml:
        seed: 0
        train_eval_model.attack_clf: inc
        train_eval_model.balanced:
        train_eval_model.chain: true
        train_eval_model.model: logreg
        train_eval_model.opt_metric: f1
    outs:
    - path: data/out/by_class_metric.csv
      hash: md5
      md5: 995d2649a7b070f5edc556610c8e4faf
      size: 501
    - path: data/out/conf_df.csv
      hash: md5
      md5: 5ba9659707f3901a539e8fd7209ee4a4
      size: 248349
    - path: data/out/confusion_matrix.png
      hash: md5
      md5: daeb4d7598bf9f7cf1886b89125d55d6
      size: 123280
    - path: data/out/m.json
      hash: md5
      md5: c436b993d1975911266899ce615103c0
      size: 138
    - path: data/out/m_other.json
      hash: md5
      md5: 7dc633d8bd46e760158d12b3e38ff941
      size: 556
    - path: data/out/model.pkl
      hash: md5
      md5: 52b0105704944ef2145b109a59911676
      size: 34671
    - path: data/out/opt_metric.csv
      hash: md5
      md5: b30a089be840d75ff31f0dc9732dfb5c
      size: 18709
