schema: '2.0'
stages:
  get_mitre_data:
    cmd: python src/get_mitre_data.py params.yaml
    deps:
    - path: data/external/enterprise-attack.json
      hash: md5
      md5: c94cce0ee047d11c5c4a7475259e04f6
      size: 44231946
    - path: src/get_mitre_data.py
      hash: md5
      md5: c1880bfff3969ec15e35844f1c53a8a7
      size: 5618
    params:
      params.yaml:
        get_data.divide_paras: true
    outs:
    - path: data/interim/label2tactic.json
      hash: md5
      md5: 5189286c02d7aa1ba4b5542d14a5f4aa
      size: 24536
    - path: data/interim/mitre.csv
      hash: md5
      md5: 4ed0ce571e432609d437c658984bee69
      size: 7876118
    - path: data/interim/mitre_attack.csv
      hash: md5
      md5: 607356d851cd1f40687be094abc78c1e
      size: 3075041
  get_add_data:
    cmd: python src/get_add_data.py params.yaml
    deps:
    - path: data/external/dataset.txt
      hash: md5
      md5: d0a5e5ec3a635aaa4277acef01371c13
      size: 1860959
    - path: data/external/multi_label.json
      hash: md5
      md5: 4e37ce4f0d60fb6c51d1c40ecee4dc12
      size: 5987464
    - path: data/external/rep_dn
      hash: md5
      md5: 8a078ab32bbba7bce63fc56078b66804.dir
      size: 742875
      nfiles: 25
    - path: data/interim/label2tactic.json
      hash: md5
      md5: 5189286c02d7aa1ba4b5542d14a5f4aa
      size: 24536
    - path: data/interim/mitre.csv
      hash: md5
      md5: 4ed0ce571e432609d437c658984bee69
      size: 7876118
    - path: data/interim/mitre_attack.csv
      hash: md5
      md5: 607356d851cd1f40687be094abc78c1e
      size: 3075041
    - path: src/get_add_data.py
      hash: md5
      md5: dea3d5b70086c27265eab448c90a846c
      size: 4927
    params:
      params.yaml:
        get_data.add_empty_reports: false
        get_data.data_fn: data/interim/mitre_full_df.csv
        get_data.ignore_subt: false
        get_data.target: tactic
        get_data.use_alt_mitre: false
        get_data.use_reports_f: true
        get_data.use_tram_f: true
    outs:
    - path: data/interim/mitre_full_df.csv
      hash: md5
      md5: 429c7f65c543d3137c8d935a367273af
      size: 6880788
  manual_data_filter:
    cmd: python src/manual_data_filter.py params.yaml
    deps:
    - path: data/interim/mitre_full_df.csv
      hash: md5
      md5: 429c7f65c543d3137c8d935a367273af
      size: 6880788
    - path: src/manual_data_filter.py
      hash: md5
      md5: 484c7ba808785ef1c6d02b9fb953933e
      size: 901
    outs:
    - path: data/interim/mitre_full_filt_df.csv
      hash: md5
      md5: e14a4302a65d282e17ab01236de0c4bb
      size: 6884178
  text_preprocess:
    cmd: python src/prep.py params.yaml
    deps:
    - path: data/interim/mitre_full_filt_df.csv
      hash: md5
      md5: e14a4302a65d282e17ab01236de0c4bb
      size: 6884178
    - path: src/prep.py
      hash: md5
      md5: cf93ec66e5f796603099f66dc6fa4d75
      size: 5835
    - path: src/spec_funcs.py
      hash: md5
      md5: ba6e4fcee652c7e6160bffdb26204e74
      size: 18413
    params:
      params.yaml:
        prep_text.labelled_text_only: false
        prep_text.lower: false
        prep_text.max_len_token: 10
        prep_text.min_len_token: 3
        prep_text.replace_entities: true
        prep_text.save_only_words: false
        prep_text.stem_lemm: stem
        prep_text.stop_words: false
        prep_text.ttp_counts_thresh: 15
    outs:
    - path: data/interim/mlb.pkl
      hash: md5
      md5: cbf4aa20894e5de68c92c9b9f149b672
      size: 1380
    - path: data/interim/prep_df.csv
      hash: md5
      md5: bf09555e4c7ba1170bef1f2b6d756077
      size: 88920023
    - path: data/interim/ttp/mlb.pkl
      hash: md5
      md5: 1f3c408504a91f8704c2bee413dcb01f
      size: 3478
  feature_generation:
    cmd: python src/feat_gen.py params.yaml
    deps:
    - path: data/interim/mlb.pkl
      hash: md5
      md5: cbf4aa20894e5de68c92c9b9f149b672
      size: 1380
    - path: data/interim/prep_df.csv
      hash: md5
      md5: bf09555e4c7ba1170bef1f2b6d756077
      size: 88920023
    - path: src/feat_gen.py
      hash: md5
      md5: 279042be57417a698cdf1500bd34857d
      size: 886
    - path: src/spec_funcs.py
      hash: md5
      md5: ba6e4fcee652c7e6160bffdb26204e74
      size: 18413
    params:
      params.yaml:
        feat_gen.add_individual_thresh: 0.65
        feat_gen.binary: false
        feat_gen.feat_strategy: count
        feat_gen.ind_sel_tree_max_depth: 5
        feat_gen.logreg_c: 0.05
        feat_gen.max_df: 0.3
        feat_gen.max_features:
        feat_gen.min_df: 10
        feat_gen.tree_maxdepth: 5
        seed: 0
        val_only_proc: false
        val_ts_size: 0.15
    outs:
    - path: data/interim/data_df.csv
      hash: md5
      md5: c1f724c271d9a1bc53796ea1b5e2aadb
      size: 71367124
    - path: data/interim/feat_df.csv
      hash: md5
      md5: 73017ad35d28cf7704e65ecc827c44aa
      size: 49946189
    - path: data/interim/vec.pkl
      hash: md5
      md5: 00629399266c8583ac3853b98e1d0f77
      size: 118037
  feature_engineering:
    cmd: python src/feat_eng.py params.yaml
    deps:
    - path: data/interim/data_df.csv
      hash: md5
      md5: c1f724c271d9a1bc53796ea1b5e2aadb
      size: 71367124
    - path: data/interim/feat_df.csv
      hash: md5
      md5: 73017ad35d28cf7704e65ecc827c44aa
      size: 49946189
    - path: data/interim/vec.pkl
      hash: md5
      md5: 00629399266c8583ac3853b98e1d0f77
      size: 118037
    - path: src/feat_eng.py
      hash: md5
      md5: 8ff46456063924cf11170b703fe22931
      size: 389
    params:
      params.yaml:
        feat_eng.add_clust_feat: false
        feat_eng.add_ind_cols: true
        feat_eng.add_topic_feat:
        feat_eng.tfidf_dim:
        feat_eng.topic_algo: lsa
        seed: 0
    outs:
    - path: data/out/feat_final_df.csv
      hash: md5
      md5: 2f250a57f28782be920f13e89dc42f6b
      size: 50069047
  train_eval_model:
    cmd: python src/train_eval_model.py params.yaml
    deps:
    - path: data/out/feat_final_df.csv
      hash: md5
      md5: 2f250a57f28782be920f13e89dc42f6b
      size: 50069047
    - path: src/train_eval_model.py
      hash: md5
      md5: 1c810a84bc50a31b2fb11424c0b7c3f2
      size: 448
    params:
      params.yaml:
        seed: 0
        train_eval_model.attack_clf:
        train_eval_model.balanced:
        train_eval_model.chain: true
        train_eval_model.model: logreg
        train_eval_model.opt_metric: f1
    outs:
    - path: data/out/by_class_metric.csv
      hash: md5
      md5: fca7c96967e8f0b9ec33e2d8f5d35259
      size: 481
    - path: data/out/conf_df.csv
      hash: md5
      md5: 02516e04cad41df8e6e2893c9a5cc018
      size: 212639
    - path: data/out/confusion_matrix.png
      hash: md5
      md5: 4c35e33d8d526f2aac970a3898cf8aeb
      size: 117724
    - path: data/out/confusion_matrix_main_er.png
      hash: md5
      md5: 3f802d2abf87849304e3051abcd0fa93
      size: 92426
    - path: data/out/m.json
      hash: md5
      md5: 97d0c8eaf72d786d9a3b74c5f3f62c37
      size: 138
    - path: data/out/m_other.json
      hash: md5
      md5: 5a342ea98c76c413f203db30c1db0544
      size: 557
    - path: data/out/model.pkl
      hash: md5
      md5: 74a5735fc90860d35ce314732baf08f3
      size: 111703
    - path: data/out/opt_metric.csv
      hash: md5
      md5: 6b62c4a672bad4b991b6c38b20818a2a
      size: 21125
  train_bert_model:
    cmd: dvc repro dvc_pipes/bert/dvc.yaml
  train_ttp_classic_model:
    cmd: dvc repro dvc_pipes/ttp/dvc.yaml
  train_ttp_bert_model:
    cmd: dvc repro dvc_pipes/bert_ttp/dvc.yaml
