schema: '2.0'
stages:
  make_bert_ttp:
    cmd: python src/ttp/train_bert_emb.py dvc_pipes/bert_ttp/params_bert_ttp.yaml
    deps:
    - path: data/interim/ttp/data_df.csv
      hash: md5
      md5: 6566c0069d5fbc544b968f92ecac7ed3
      size: 135231485
    - path: data/interim/ttp/mlb.pkl
      hash: md5
      md5: 1f3c408504a91f8704c2bee413dcb01f
      size: 3478
    - path: src/spec_nn_funcs.py
      hash: md5
      md5: cf5fef5d603c74808f34981adf264022
      size: 15610
    - path: src/ttp/train_bert_emb.py
      hash: md5
      md5: 170e81c545add3460717cb4e5b6b6793
      size: 1006
    params:
      params.yaml:
        seed: 0
      dvc_pipes/bert_ttp/params_bert_ttp.yaml:
        nn_bert_ttp.bert_type: secbert_plus
        nn_bert_ttp.drop_ratio: 0.3
        nn_bert_ttp.from_existing: false
        nn_bert_ttp.mode: cls
        nn_bert_ttp.thresh_split: tr
        nn_ttp.batch_size: 8
        nn_ttp.epoch_num: 8
        nn_ttp.exp_gamma: 0.95
        nn_ttp.l2: 4.5e-06
        nn_ttp.learning_rate: 0.002
        nn_ttp.maxlen: 128
        nn_ttp.milestone_gamma: 0.5
        nn_ttp.milestone_l:
        - 7
    outs:
    - path: data/out/bert_ttp/bert_by_class_metric.csv
      hash: md5
      md5: 2fde41b9dbe71195e2c7b62e9dbb4e29
      size: 4373
    - path: data/out/bert_ttp/bert_conf_df.csv
      hash: md5
      md5: 7b7ad4ed868cfba224600238dfdbf96c
      size: 134756
    - path: data/out/bert_ttp/bert_confusion_matrix.png
      hash: md5
      md5: e071d29ab2de262c7cea0bc8b044094a
      size: 1082325
    - path: data/out/bert_ttp/bert_confusion_matrix_main_er.png
      hash: md5
      md5: 18d8d29514b0fda2f3f9ef1f23cab557
      size: 113018
    - path: data/out/bert_ttp/bert_logloss.png
      hash: md5
      md5: 6b43c54626c3b109f00387aa372791ac
      size: 24301
    - path: data/out/bert_ttp/bert_m.json
      hash: md5
      md5: 854fc720eb729ed9a12728c6868b8382
      size: 75
    - path: data/out/bert_ttp/bert_m_all.json
      hash: md5
      md5: 6d777e49a0a3d690b2f9f1a2cdab6a1b
      size: 2173
    - path: data/out/bert_ttp/bert_m_other.json
      hash: md5
      md5: c731ea5af186f7dd8f424d5f28d74310
      size: 414
    - path: data/out/bert_ttp/bert_opt_metric.csv
      hash: md5
      md5: b6d410084d46a0355b98c9933209f2b5
      size: 6569964
    - path: data/out/bert_ttp/bert_pr_auc.png
      hash: md5
      md5: c7b239d5fb155059433550f5f322c18e
      size: 21348
    - path: data/out/bert_ttp/model.pt
      hash: md5
      md5: 63b25755d344ac0132854b2938202eae
      size: 501682934
