schema: '2.0'
stages:
  make_bert_ttp:
    cmd: python src/ttp/train_bert_emb.py dvc_pipes/bert_ttp/params_bert_ttp.yaml
    deps:
    - path: data/interim/ttp/data_df.csv
      hash: md5
      md5: 6011bf71e9982da0663fc50741de98d0
      size: 135151462
    - path: data/interim/ttp/mlb.pkl
      hash: md5
      md5: 612cc70eba25da613dd3fcc86704e5ca
      size: 3484
    - path: src/spec_nn_funcs.py
      hash: md5
      md5: cf5fef5d603c74808f34981adf264022
      size: 15610
    - path: src/ttp/train_bert_emb.py
      hash: md5
      md5: 170e81c545add3460717cb4e5b6b6793
      size: 1006
    params:
      params.yaml:
        seed: 0
      dvc_pipes/bert_ttp/params_bert_ttp.yaml:
        nn_bert_ttp.bert_type: secbert_plus
        nn_bert_ttp.drop_ratio: 0.3
        nn_bert_ttp.from_existing: false
        nn_bert_ttp.mode: cls
        nn_bert_ttp.thresh_split: tr
        nn_ttp.batch_size: 8
        nn_ttp.epoch_num: 8
        nn_ttp.exp_gamma: 0.95
        nn_ttp.l2: 4.5e-06
        nn_ttp.learning_rate: 0.002
        nn_ttp.maxlen: 128
        nn_ttp.milestone_gamma: 0.5
        nn_ttp.milestone_l:
        - 7
    outs:
    - path: data/out/bert_ttp/bert_by_class_metric.csv
      hash: md5
      md5: bc4d283b8520e2d8d02ad943ef21b6fb
      size: 4322
    - path: data/out/bert_ttp/bert_conf_df.csv
      hash: md5
      md5: 8e10ff2b89b94e5d5575e9cb28b287c2
      size: 133406
    - path: data/out/bert_ttp/bert_confusion_matrix.png
      hash: md5
      md5: 37df07d153b354ca1f51f5e7dba22671
      size: 1078941
    - path: data/out/bert_ttp/bert_confusion_matrix_main_er.png
      hash: md5
      md5: 7ea5248ec20156ead87c8bd19db19bbc
      size: 91078
    - path: data/out/bert_ttp/bert_logloss.png
      hash: md5
      md5: 9063a130b73e9eac5dd05b2b8048c7a2
      size: 24151
    - path: data/out/bert_ttp/bert_m.json
      hash: md5
      md5: c227c2019eebe9dc8430f6cc96caa90c
      size: 75
    - path: data/out/bert_ttp/bert_m_all.json
      hash: md5
      md5: 33c9f99479e85b437a8fe5c91d2f86fb
      size: 2172
    - path: data/out/bert_ttp/bert_m_other.json
      hash: md5
      md5: 397f3d0e1bf2eb3022c4b42293afcb39
      size: 415
    - path: data/out/bert_ttp/bert_opt_metric.csv
      hash: md5
      md5: 88e6f83302213f40ee8cf011366e0b75
      size: 6481458
    - path: data/out/bert_ttp/bert_pr_auc.png
      hash: md5
      md5: 03dd0c6d2468697c84127ea107250199
      size: 20617
    - path: data/out/bert_ttp/model.pt
      hash: md5
      md5: 6dc3570ab2458cfa4326e90d814b5634
      size: 501682934
