schema: '2.0'
stages:
  feature_generation_ttp:
    cmd: python src/ttp/feat_gen.py dvc_pipes/ttp/params_ttp.yaml
    deps:
    - path: data/interim/prep_df.csv
      hash: md5
      md5: 246b373823b6e9ca93695a80e41d2cd7
      size: 89530206
    - path: data/interim/ttp/mlb.pkl
      hash: md5
      md5: 3108e14e036c3ff632a2d7b4612d2d14
      size: 3484
    - path: src/aug_sent.py
      hash: md5
      md5: 6ae89dd51e3a1f9bfc3468ee74174a55
      size: 3244
    - path: src/spec_funcs.py
      hash: md5
      md5: 98a52a82a0f542097076cca399bba2a1
      size: 23483
    - path: src/ttp/feat_gen.py
      hash: md5
      md5: 2b80a513a94f7d90f7a91b202924b1ae
      size: 4660
    params:
      params.yaml:
        seed: 0
      dvc_pipes/ttp/params_ttp.yaml:
        feat_gen_ttp.add_aug_sents: true
        feat_gen_ttp.add_individual_thresh: 0.3
        feat_gen_ttp.aug_emb_path: 
          data/external/models/attack_sent_bert/snapshots/30d285aa0e641ce87a33748a7b3f8f2d8ccfaf42
        feat_gen_ttp.aug_num_mask_pos:
        - 1
        feat_gen_ttp.aug_repeate_mask: 1
        feat_gen_ttp.aug_secbert_path: 
          data/external/models/SecureBERT_Plus/snapshots/4c48ccdb8d2019f179b07dfa27656c655394d78e
        feat_gen_ttp.aug_sim_thresh: 0.95
        feat_gen_ttp.aug_split: tr
        feat_gen_ttp.aug_synth_thresh_class_num: 20
        feat_gen_ttp.aug_topk: 8
        feat_gen_ttp.binary: false
        feat_gen_ttp.feat_strategy: count
        feat_gen_ttp.ind_sel_estim_num: 10
        feat_gen_ttp.ind_sel_tree_max_depth: 3
        feat_gen_ttp.logreg_c: 0.05
        feat_gen_ttp.max_df: 0.05
        feat_gen_ttp.max_features:
        feat_gen_ttp.min_df: 10
        feat_gen_ttp.tree_maxdepth: 3
    outs:
    - path: data/interim/ttp/data_df.csv
      hash: md5
      md5: b081135c9858c11d3b5283096bd67433
      size: 135911187
    - path: data/interim/ttp/feat_df.csv
      hash: md5
      md5: 6dabedb4c5c66eec934b15ec7e988f19
      size: 66667291
    - path: data/interim/ttp/vec.pkl
      hash: md5
      md5: 2ed99a5bfcb65f37da990c7f07574be5
      size: 216672
  feature_engineering_ttp:
    cmd: python src/ttp/feat_eng.py dvc_pipes/ttp/params_ttp.yaml
    deps:
    - path: data/interim/ttp/data_df.csv
      hash: md5
      md5: b081135c9858c11d3b5283096bd67433
      size: 135911187
    - path: data/interim/ttp/feat_df.csv
      hash: md5
      md5: 6dabedb4c5c66eec934b15ec7e988f19
      size: 66667291
    - path: data/interim/ttp/vec.pkl
      hash: md5
      md5: 2ed99a5bfcb65f37da990c7f07574be5
      size: 216672
    - path: src/spec_funcs.py
      hash: md5
      md5: 98a52a82a0f542097076cca399bba2a1
      size: 23483
    - path: src/ttp/feat_eng.py
      hash: md5
      md5: c7dfc1cc3d6c337ceda6cd53db7f4b23
      size: 638
    params:
      dvc_pipes/ttp/params_ttp.yaml:
        feat_eng_ttp.add_clust_feat: false
        feat_eng_ttp.add_ind_cols: true
        feat_eng_ttp.add_topic_feat:
        feat_eng_ttp.tfidf_dim:
        feat_eng_ttp.topic_algo: lsa
    outs:
    - path: data/out/ttp/feat_final_df.csv
      hash: md5
      md5: 1d85a6769888b35d5e833b59d74431a4
      size: 66815101
  train_eval_model_ttp:
    cmd: python src/ttp/train_eval_model.py dvc_pipes/ttp/params_ttp.yaml
    deps:
    - path: data/out/ttp/feat_final_df.csv
      hash: md5
      md5: 1d85a6769888b35d5e833b59d74431a4
      size: 66815101
    - path: src/spec_funcs.py
      hash: md5
      md5: 98a52a82a0f542097076cca399bba2a1
      size: 23483
    - path: src/ttp/train_eval_model.py
      hash: md5
      md5: a7e5e8ff054b4240362cb64da4344874
      size: 1051
    params:
      params.yaml:
        seed: 0
      dvc_pipes/ttp/params_ttp.yaml:
        train_eval_model_ttp.attack_clf:
        train_eval_model_ttp.balanced:
        train_eval_model_ttp.chain: true
        train_eval_model_ttp.model: logreg
        train_eval_model_ttp.opt_metric: f1
    outs:
    - path: data/out/ttp/by_class_metric.csv
      hash: md5
      md5: 003d7e3a35a8e332c08ef1040f41113b
      size: 4884
    - path: data/out/ttp/conf_df.csv
      hash: md5
      md5: e4b2ad1fd0f13b5de2ef9a5f3b98e91b
      size: 143903
    - path: data/out/ttp/confusion_matrix.png
      hash: md5
      md5: 2d89b0c7999e10d3fd8259fbe00ffd95
      size: 1117361
    - path: data/out/ttp/confusion_matrix_main_er.png
      hash: md5
      md5: f2c8a0f3c20b55c8ce9180d86fcb53b5
      size: 222037
    - path: data/out/ttp/m.json
      hash: md5
      md5: f0e17ada54a11e6e8899dbf425ee4139
      size: 141
    - path: data/out/ttp/m_other.json
      hash: md5
      md5: 3ec2bc17492e5ab18338662e6ff316f1
      size: 561
    - path: data/out/ttp/model.pkl
      hash: md5
      md5: 76a258fe2a2b9f63cb1accf33666d112
      size: 1726618
    - path: data/out/ttp/opt_metric.csv
      hash: md5
      md5: 0964947d7eb172f40c5552ebc92f391e
      size: 1979392
